{
  "name": "swift-share",
  "lockfileVersion": 2,
  "requires": true,
  "packages": {
    "": {
      "dependencies": {
        "@react-oauth/google": "^0.11.1",
        "jwt-decode": "^3.1.2"
      }
    },
    "node_modules/@react-oauth/google": {
      "version": "0.11.1",
      "resolved": "https://registry.npmjs.org/@react-oauth/google/-/google-0.11.1.tgz",
      "integrity": "sha512-tywZisXbsdaRBVbEu0VX6dRbOSL2I6DgY97woq5NMOOOz+xtDsm418vqq+Vx10KMtra3kdHMRMf0hXLWrk2RMg==",
      "peerDependencies": {
        "react": ">=16.8.0",
        "react-dom": ">=16.8.0"
      }
    },
    "node_modules/jwt-decode": {
      "version": "3.1.2",
      "resolved": "https://registry.npmjs.org/jwt-decode/-/jwt-decode-3.1.2.tgz",
      "integrity": "sha512-UfpWE/VZn0iP50d8cz9NrZLM9lSWhcJ+0Gt/nm4by88UL+J1SiKN8/5dkjMmbEzwL2CAe+67GsegCbIKtbp75A=="
    }
  },
  "dependencies": {
    "@react-oauth/google": {
      "version": "0.11.1",
      "resolved": "https://registry.npmjs.org/@react-oauth/google/-/google-0.11.1.tgz",
      "integrity": "sha512-tywZisXbsdaRBVbEu0VX6dRbOSL2I6DgY97woq5NMOOOz+xtDsm418vqq+Vx10KMtra3kdHMRMf0hXLWrk2RMg=="
    },
    "jwt-decode": {
      "version": "3.1.2",
      "resolved": "https://registry.npmjs.org/jwt-decode/-/jwt-decode-3.1.2.tgz",
      "integrity": "sha512-UfpWE/VZn0iP50d8cz9NrZLM9lSWhcJ+0Gt/nm4by88UL+J1SiKN8/5dkjMmbEzwL2CAe+67GsegCbIKtbp75A=="
    }
  }
}
